
Microsoft Visual Studio Solution File, Format Version 12.00
# Visual Studio Version 16
VisualStudioVersion = 16.0.32428.217
MinimumVisualStudioVersion = 10.0.40219.1
Project("{888888A0-9F3D-457C-B088-3A5042F75D52}") = "DjangoWebProject5", "DjangoWebProject5\DjangoWebProject5.pyproj", "{4D7C2121-F15D-4E22-BB96-16493C2A0CF8}"
EndProject
Global
	GlobalSection(SolutionConfigurationPlatforms) = preSolution
		Debug|Any CPU = Debug|Any CPU
		Release|Any CPU = Release|Any CPU
	EndGlobalSection
	GlobalSection(ProjectConfigurationPlatforms) = postSolution
		{4D7C2121-F15D-4E22-BB96-16493C2A0CF8}.Debug|Any CPU.ActiveCfg = Debug|Any CPU
		{4D7C2121-F15D-4E22-BB96-16493C2A0CF8}.Debug|Any CPU.Build.0 = Debug|Any CPU
		{4D7C2121-F15D-4E22-BB96-16493C2A0CF8}.Release|Any CPU.ActiveCfg = Release|Any CPU
		{4D7C2121-F15D-4E22-BB96-16493C2A0CF8}.Release|Any CPU.Build.0 = Release|Any CPU
	EndGlobalSection
	GlobalSection(SolutionProperties) = preSolution
		HideSolutionNode = FALSE
	EndGlobalSection
	GlobalSection(ExtensibilityGlobals) = postSolution
		SolutionGuid = {A9B925E0-87FF-40AF-9370-5064574E18C9}
	EndGlobalSection
EndGlobal
